
Microsoft Visual Studio Solution File, Format Version 12.00
# Visual Studio Version 17
VisualStudioVersion = 17.12.35527.113
MinimumVisualStudioVersion = 10.0.40219.1
Project("{FAE04EC0-301F-11D3-BF4B-00C04F79EFBC}") = "CV-Auction-New", "CV-Auction-New\CV-Auction-New.csproj", "{653279C2-DFA8-4CD8-A31B-267FD9A92DCA}"
EndProject
Global
	GlobalSection(SolutionConfigurationPlatforms) = preSolution
		Debug|Any CPU = Debug|Any CPU
		Release|Any CPU = Release|Any CPU
	EndGlobalSection
	GlobalSection(ProjectConfigurationPlatforms) = postSolution
		{653279C2-DFA8-4CD8-A31B-267FD9A92DCA}.Debug|Any CPU.ActiveCfg = Debug|Any CPU
		{653279C2-DFA8-4CD8-A31B-267FD9A92DCA}.Debug|Any CPU.Build.0 = Debug|Any CPU
		{653279C2-DFA8-4CD8-A31B-267FD9A92DCA}.Release|Any CPU.ActiveCfg = Release|Any CPU
		{653279C2-DFA8-4CD8-A31B-267FD9A92DCA}.Release|Any CPU.Build.0 = Release|Any CPU
	EndGlobalSection
	GlobalSection(SolutionProperties) = preSolution
		HideSolutionNode = FALSE
	EndGlobalSection
EndGlobal
